
Microsoft Visual Studio Solution File, Format Version 12.00
Project("{FAE04EC0-301F-11D3-BF4B-00C04F79EFBC}") = "PackHorse", "PackHorse\PackHorse.csproj", "{0C62C6DA-BE1E-46D2-8629-C60E4A3E57EF}"
EndProject
Global
	GlobalSection(SolutionConfigurationPlatforms) = preSolution
		Debug|Any CPU = Debug|Any CPU
		Release|Any CPU = Release|Any CPU
	EndGlobalSection
	GlobalSection(ProjectConfigurationPlatforms) = postSolution
		{0C62C6DA-BE1E-46D2-8629-C60E4A3E57EF}.Debug|Any CPU.ActiveCfg = Debug|Any CPU
		{0C62C6DA-BE1E-46D2-8629-C60E4A3E57EF}.Debug|Any CPU.Build.0 = Debug|Any CPU
		{0C62C6DA-BE1E-46D2-8629-C60E4A3E57EF}.Release|Any CPU.ActiveCfg = Release|Any CPU
		{0C62C6DA-BE1E-46D2-8629-C60E4A3E57EF}.Release|Any CPU.Build.0 = Release|Any CPU
	EndGlobalSection
EndGlobal
